
Microsoft Visual Studio Solution File, Format Version 12.00
# Visual Studio Version 16
VisualStudioVersion = 16.0.29905.134
MinimumVisualStudioVersion = 10.0.40219.1
Project("{FAE04EC0-301F-11D3-BF4B-00C04F79EFBC}") = "ProvidentFundQuiz", "ProvidentFundQuiz.csproj", "{7FF981DD-D79F-468D-A282-BD8D55097126}"
EndProject
Global
	GlobalSection(SolutionConfigurationPlatforms) = preSolution
		Debug|Any CPU = Debug|Any CPU
		Release|Any CPU = Release|Any CPU
	EndGlobalSection
	GlobalSection(ProjectConfigurationPlatforms) = postSolution
		{7FF981DD-D79F-468D-A282-BD8D55097126}.Debug|Any CPU.ActiveCfg = Debug|Any CPU
		{7FF981DD-D79F-468D-A282-BD8D55097126}.Debug|Any CPU.Build.0 = Debug|Any CPU
		{7FF981DD-D79F-468D-A282-BD8D55097126}.Release|Any CPU.ActiveCfg = Release|Any CPU
		{7FF981DD-D79F-468D-A282-BD8D55097126}.Release|Any CPU.Build.0 = Release|Any CPU
	EndGlobalSection
	GlobalSection(SolutionProperties) = preSolution
		HideSolutionNode = FALSE
	EndGlobalSection
	GlobalSection(ExtensibilityGlobals) = postSolution
		SolutionGuid = {7141DA75-EFD5-499F-B1C6-FB9C8E6E530C}
	EndGlobalSection
EndGlobal
